// !$*UTF8*$!
{
	archiveVersion = 1;
	classes = {
	};
	objectVersion = 50;
	objects = {

/* Begin PBXBuildFile section */
		506FFA1A253EB0C7006835F7 /* AppDelegate.swift in Sources */ = {isa = PBXBuildFile; fileRef = 506FFA19253EB0C7006835F7 /* AppDelegate.swift */; };
		506FFA1C253EB0C7006835F7 /* SceneDelegate.swift in Sources */ = {isa = PBXBuildFile; fileRef = 506FFA1B253EB0C7006835F7 /* SceneDelegate.swift */; };
		506FFA1E253EB0C7006835F7 /* TagsView.swift in Sources */ = {isa = PBXBuildFile; fileRef = 506FFA1D253EB0C7006835F7 /* TagsView.swift */; };
		506FFA21253EB0C7006835F7 /* CoreDataBestPractices.xcdatamodeld in Sources */ = {isa = PBXBuildFile; fileRef = 506FFA1F253EB0C7006835F7 /* CoreDataBestPractices.xcdatamodeld */; };
		506FFA23253EB0C8006835F7 /* Assets.xcassets in Resources */ = {isa = PBXBuildFile; fileRef = 506FFA22253EB0C8006835F7 /* Assets.xcassets */; };
		506FFA26253EB0C8006835F7 /* Preview Assets.xcassets in Resources */ = {isa = PBXBuildFile; fileRef = 506FFA25253EB0C8006835F7 /* Preview Assets.xcassets */; };
		506FFA29253EB0C8006835F7 /* LaunchScreen.storyboard in Resources */ = {isa = PBXBuildFile; fileRef = 506FFA27253EB0C8006835F7 /* LaunchScreen.storyboard */; };
		506FFA33253EB0F4006835F7 /* Article.swift in Sources */ = {isa = PBXBuildFile; fileRef = 506FFA32253EB0F4006835F7 /* Article.swift */; };
		50C2D5B025474ABC00BAA59C /* Tag.swift in Sources */ = {isa = PBXBuildFile; fileRef = 50C2D5AF25474ABC00BAA59C /* Tag.swift */; };
		50F27FE7255083CA0057381C /* ArticlesListTableViewController.swift in Sources */ = {isa = PBXBuildFile; fileRef = 50F27FE6255083CA0057381C /* ArticlesListTableViewController.swift */; };
/* End PBXBuildFile section */

/* Begin PBXFileReference section */
		506FFA16253EB0C7006835F7 /* CoreDataBestPractices.app */ = {isa = PBXFileReference; explicitFileType = wrapper.application; includeInIndex = 0; path = CoreDataBestPractices.app; sourceTree = BUILT_PRODUCTS_DIR; };
		506FFA19253EB0C7006835F7 /* AppDelegate.swift */ = {isa = PBXFileReference; lastKnownFileType = sourcecode.swift; path = AppDelegate.swift; sourceTree = "<group>"; };
		506FFA1B253EB0C7006835F7 /* SceneDelegate.swift */ = {isa = PBXFileReference; lastKnownFileType = sourcecode.swift; path = SceneDelegate.swift; sourceTree = "<group>"; };
		506FFA1D253EB0C7006835F7 /* TagsView.swift */ = {isa = PBXFileReference; lastKnownFileType = sourcecode.swift; path = TagsView.swift; sourceTree = "<group>"; };
		506FFA20253EB0C7006835F7 /* CoreDataBestPractices.xcdatamodel */ = {isa = PBXFileReference; lastKnownFileType = wrapper.xcdatamodel; path = CoreDataBestPractices.xcdatamodel; sourceTree = "<group>"; };
		506FFA22253EB0C8006835F7 /* Assets.xcassets */ = {isa = PBXFileReference; lastKnownFileType = folder.assetcatalog; path = Assets.xcassets; sourceTree = "<group>"; };
		506FFA25253EB0C8006835F7 /* Preview Assets.xcassets */ = {isa = PBXFileReference; lastKnownFileType = folder.assetcatalog; path = "Preview Assets.xcassets"; sourceTree = "<group>"; };
		506FFA28253EB0C8006835F7 /* Base */ = {isa = PBXFileReference; lastKnownFileType = file.storyboard; name = Base; path = Base.lproj/LaunchScreen.storyboard; sourceTree = "<group>"; };
		506FFA2A253EB0C8006835F7 /* Info.plist */ = {isa = PBXFileReference; lastKnownFileType = text.plist.xml; path = Info.plist; sourceTree = "<group>"; };
		506FFA32253EB0F4006835F7 /* Article.swift */ = {isa = PBXFileReference; lastKnownFileType = sourcecode.swift; path = Article.swift; sourceTree = "<group>"; };
		50C2D5AF25474ABC00BAA59C /* Tag.swift */ = {isa = PBXFileReference; lastKnownFileType = sourcecode.swift; path = Tag.swift; sourceTree = "<group>"; };
		50F27FE6255083CA0057381C /* ArticlesListTableViewController.swift */ = {isa = PBXFileReference; lastKnownFileType = sourcecode.swift; path = ArticlesListTableViewController.swift; sourceTree = "<group>"; };
/* End PBXFileReference section */

/* Begin PBXFrameworksBuildPhase section */
		506FFA13253EB0C7006835F7 /* Frameworks */ = {
			isa = PBXFrameworksBuildPhase;
			buildActionMask = 2147483647;
			files = (
			);
			runOnlyForDeploymentPostprocessing = 0;
		};
/* End PBXFrameworksBuildPhase section */

/* Begin PBXGroup section */
		506FFA0D253EB0C7006835F7 = {
			isa = PBXGroup;
			children = (
				506FFA18253EB0C7006835F7 /* CoreDataBestPractices */,
				506FFA17253EB0C7006835F7 /* Products */,
			);
			sourceTree = "<group>";
		};
		506FFA17253EB0C7006835F7 /* Products */ = {
			isa = PBXGroup;
			children = (
				506FFA16253EB0C7006835F7 /* CoreDataBestPractices.app */,
			);
			name = Products;
			sourceTree = "<group>";
		};
		506FFA18253EB0C7006835F7 /* CoreDataBestPractices */ = {
			isa = PBXGroup;
			children = (
				50F27FEA255085400057381C /* Application */,
				506FFA1F253EB0C7006835F7 /* CoreDataBestPractices.xcdatamodeld */,
				506FFA31253EB0EC006835F7 /* Models */,
				506FFA24253EB0C8006835F7 /* Preview Content */,
				50F27FEB255085530057381C /* Resources */,
				50F27FEC255085620057381C /* Supporting Files */,
				50F27FE9255085350057381C /* Views */,
			);
			path = CoreDataBestPractices;
			sourceTree = "<group>";
		};
		506FFA24253EB0C8006835F7 /* Preview Content */ = {
			isa = PBXGroup;
			children = (
				506FFA25253EB0C8006835F7 /* Preview Assets.xcassets */,
			);
			path = "Preview Content";
			sourceTree = "<group>";
		};
		506FFA31253EB0EC006835F7 /* Models */ = {
			isa = PBXGroup;
			children = (
				506FFA32253EB0F4006835F7 /* Article.swift */,
				50C2D5AF25474ABC00BAA59C /* Tag.swift */,
			);
			path = Models;
			sourceTree = "<group>";
		};
		50F27FE9255085350057381C /* Views */ = {
			isa = PBXGroup;
			children = (
				506FFA1D253EB0C7006835F7 /* TagsView.swift */,
				50F27FE6255083CA0057381C /* ArticlesListTableViewController.swift */,
			);
			path = Views;
			sourceTree = "<group>";
		};
		50F27FEA255085400057381C /* Application */ = {
			isa = PBXGroup;
			children = (
				506FFA19253EB0C7006835F7 /* AppDelegate.swift */,
				506FFA1B253EB0C7006835F7 /* SceneDelegate.swift */,
			);
			path = Application;
			sourceTree = "<group>";
		};
		50F27FEB255085530057381C /* Resources */ = {
			isa = PBXGroup;
			children = (
				506FFA22253EB0C8006835F7 /* Assets.xcassets */,
				506FFA27253EB0C8006835F7 /* LaunchScreen.storyboard */,
			);
			path = Resources;
			sourceTree = "<group>";
		};
		50F27FEC255085620057381C /* Supporting Files */ = {
			isa = PBXGroup;
			children = (
				506FFA2A253EB0C8006835F7 /* Info.plist */,
			);
			path = "Supporting Files";
			sourceTree = "<group>";
		};
/* End PBXGroup section */

/* Begin PBXNativeTarget section */
		506FFA15253EB0C7006835F7 /* CoreDataBestPractices */ = {
			isa = PBXNativeTarget;
			buildConfigurationList = 506FFA2D253EB0C8006835F7 /* Build configuration list for PBXNativeTarget "CoreDataBestPractices" */;
			buildPhases = (
				506FFA12253EB0C7006835F7 /* Sources */,
				506FFA13253EB0C7006835F7 /* Frameworks */,
				506FFA14253EB0C7006835F7 /* Resources */,
			);
			buildRules = (
			);
			dependencies = (
			);
			name = CoreDataBestPractices;
			productName = CoreDataBestPractices;
			productReference = 506FFA16253EB0C7006835F7 /* CoreDataBestPractices.app */;
			productType = "com.apple.product-type.application";
		};
/* End PBXNativeTarget section */

/* Begin PBXProject section */
		506FFA0E253EB0C7006835F7 /* Project object */ = {
			isa = PBXProject;
			attributes = {
				LastSwiftUpdateCheck = 1200;
				LastUpgradeCheck = 1200;
				TargetAttributes = {
					506FFA15253EB0C7006835F7 = {
						CreatedOnToolsVersion = 12.0;
					};
				};
			};
			buildConfigurationList = 506FFA11253EB0C7006835F7 /* Build configuration list for PBXProject "CoreDataBestPractices" */;
			compatibilityVersion = "Xcode 9.3";
			developmentRegion = en;
			hasScannedForEncodings = 0;
			knownRegions = (
				en,
				Base,
			);
			mainGroup = 506FFA0D253EB0C7006835F7;
			productRefGroup = 506FFA17253EB0C7006835F7 /* Products */;
			projectDirPath = "";
			projectRoot = "";
			targets = (
				506FFA15253EB0C7006835F7 /* CoreDataBestPractices */,
			);
		};
/* End PBXProject section */

/* Begin PBXResourcesBuildPhase section */
		506FFA14253EB0C7006835F7 /* Resources */ = {
			isa = PBXResourcesBuildPhase;
			buildActionMask = 2147483647;
			files = (
				506FFA29253EB0C8006835F7 /* LaunchScreen.storyboard in Resources */,
				506FFA26253EB0C8006835F7 /* Preview Assets.xcassets in Resources */,
				506FFA23253EB0C8006835F7 /* Assets.xcassets in Resources */,
			);
			runOnlyForDeploymentPostprocessing = 0;
		};
/* End PBXResourcesBuildPhase section */

/* Begin PBXSourcesBuildPhase section */
		506FFA12253EB0C7006835F7 /* Sources */ = {
			isa = PBXSourcesBuildPhase;
			buildActionMask = 2147483647;
			files = (
				506FFA1A253EB0C7006835F7 /* AppDelegate.swift in Sources */,
				506FFA21253EB0C7006835F7 /* CoreDataBestPractices.xcdatamodeld in Sources */,
				50F27FE7255083CA0057381C /* ArticlesListTableViewController.swift in Sources */,
				50C2D5B025474ABC00BAA59C /* Tag.swift in Sources */,
				506FFA1C253EB0C7006835F7 /* SceneDelegate.swift in Sources */,
				506FFA33253EB0F4006835F7 /* Article.swift in Sources */,
				506FFA1E253EB0C7006835F7 /* TagsView.swift in Sources */,
			);
			runOnlyForDeploymentPostprocessing = 0;
		};
/* End PBXSourcesBuildPhase section */

/* Begin PBXVariantGroup section */
		506FFA27253EB0C8006835F7 /* LaunchScreen.storyboard */ = {
			isa = PBXVariantGroup;
			children = (
				506FFA28253EB0C8006835F7 /* Base */,
			);
			name = LaunchScreen.storyboard;
			sourceTree = "<group>";
		};
/* End PBXVariantGroup section */

/* Begin XCBuildConfiguration section */
		506FFA2B253EB0C8006835F7 /* Debug */ = {
			isa = XCBuildConfiguration;
			buildSettings = {
				ALWAYS_SEARCH_USER_PATHS = NO;
				CLANG_ANALYZER_NONNULL = YES;
				CLANG_ANALYZER_NUMBER_OBJECT_CONVERSION = YES_AGGRESSIVE;
				CLANG_CXX_LANGUAGE_STANDARD = "gnu++14";
				CLANG_CXX_LIBRARY = "libc++";
				CLANG_ENABLE_MODULES = YES;
				CLANG_ENABLE_OBJC_ARC = YES;
				CLANG_ENABLE_OBJC_WEAK = YES;
				CLANG_WARN_BLOCK_CAPTURE_AUTORELEASING = YES;
				CLANG_WARN_BOOL_CONVERSION = YES;
				CLANG_WARN_COMMA = YES;
				CLANG_WARN_CONSTANT_CONVERSION = YES;
				CLANG_WARN_DEPRECATED_OBJC_IMPLEMENTATIONS = YES;
				CLANG_WARN_DIRECT_OBJC_ISA_USAGE = YES_ERROR;
				CLANG_WARN_DOCUMENTATION_COMMENTS = YES;
				CLANG_WARN_EMPTY_BODY = YES;
				CLANG_WARN_ENUM_CONVERSION = YES;
				CLANG_WARN_INFINITE_RECURSION = YES;
				CLANG_WARN_INT_CONVERSION = YES;
				CLANG_WARN_NON_LITERAL_NULL_CONVERSION = YES;
				CLANG_WARN_OBJC_IMPLICIT_RETAIN_SELF = YES;
				CLANG_WARN_OBJC_LITERAL_CONVERSION = YES;
				CLANG_WARN_OBJC_ROOT_CLASS = YES_ERROR;
				CLANG_WARN_QUOTED_INCLUDE_IN_FRAMEWORK_HEADER = YES;
				CLANG_WARN_RANGE_LOOP_ANALYSIS = YES;
				CLANG_WARN_STRICT_PROTOTYPES = YES;
				CLANG_WARN_SUSPICIOUS_MOVE = YES;
				CLANG_WARN_UNGUARDED_AVAILABILITY = YES_AGGRESSIVE;
				CLANG_WARN_UNREACHABLE_CODE = YES;
				CLANG_WARN__DUPLICATE_METHOD_MATCH = YES;
				COPY_PHASE_STRIP = NO;
				DEBUG_INFORMATION_FORMAT = dwarf;
				ENABLE_STRICT_OBJC_MSGSEND = YES;
				ENABLE_TESTABILITY = YES;
				GCC_C_LANGUAGE_STANDARD = gnu11;
				GCC_DYNAMIC_NO_PIC = NO;
				GCC_NO_COMMON_BLOCKS = YES;
				GCC_OPTIMIZATION_LEVEL = 0;
				GCC_PREPROCESSOR_DEFINITIONS = (
					"DEBUG=1",
					"$(inherited)",
				);
				GCC_WARN_64_TO_32_BIT_CONVERSION = YES;
				GCC_WARN_ABOUT_RETURN_TYPE = YES_ERROR;
				GCC_WARN_UNDECLARED_SELECTOR = YES;
				GCC_WARN_UNINITIALIZED_AUTOS = YES_AGGRESSIVE;
				GCC_WARN_UNUSED_FUNCTION = YES;
				GCC_WARN_UNUSED_VARIABLE = YES;
				IPHONEOS_DEPLOYMENT_TARGET = 14.0;
				MTL_ENABLE_DEBUG_INFO = INCLUDE_SOURCE;
				MTL_FAST_MATH = YES;
				ONLY_ACTIVE_ARCH = YES;
				SDKROOT = iphoneos;
				SWIFT_ACTIVE_COMPILATION_CONDITIONS = DEBUG;
				SWIFT_OPTIMIZATION_LEVEL = "-Onone";
			};
			name = Debug;
		};
		506FFA2C253EB0C8006835F7 /* Release */ = {
			isa = XCBuildConfiguration;
			buildSettings = {
				ALWAYS_SEARCH_USER_PATHS = NO;
				CLANG_ANALYZER_NONNULL = YES;
				CLANG_ANALYZER_NUMBER_OBJECT_CONVERSION = YES_AGGRESSIVE;
				CLANG_CXX_LANGUAGE_STANDARD = "gnu++14";
				CLANG_CXX_LIBRARY = "libc++";
				CLANG_ENABLE_MODULES = YES;
				CLANG_ENABLE_OBJC_ARC = YES;
				CLANG_ENABLE_OBJC_WEAK = YES;
				CLANG_WARN_BLOCK_CAPTURE_AUTORELEASING = YES;
				CLANG_WARN_BOOL_CONVERSION = YES;
				CLANG_WARN_COMMA = YES;
				CLANG_WARN_CONSTANT_CONVERSION = YES;
				CLANG_WARN_DEPRECATED_OBJC_IMPLEMENTATIONS = YES;
				CLANG_WARN_DIRECT_OBJC_ISA_USAGE = YES_ERROR;
				CLANG_WARN_DOCUMENTATION_COMMENTS = YES;
				CLANG_WARN_EMPTY_BODY = YES;
				CLANG_WARN_ENUM_CONVERSION = YES;
				CLANG_WARN_INFINITE_RECURSION = YES;
				CLANG_WARN_INT_CONVERSION = YES;
				CLANG_WARN_NON_LITERAL_NULL_CONVERSION = YES;
				CLANG_WARN_OBJC_IMPLICIT_RETAIN_SELF = YES;
				CLANG_WARN_OBJC_LITERAL_CONVERSION = YES;
				CLANG_WARN_OBJC_ROOT_CLASS = YES_ERROR;
				CLANG_WARN_QUOTED_INCLUDE_IN_FRAMEWORK_HEADER = YES;
				CLANG_WARN_RANGE_LOOP_ANALYSIS = YES;
				CLANG_WARN_STRICT_PROTOTYPES = YES;
				CLANG_WARN_SUSPICIOUS_MOVE = YES;
				CLANG_WARN_UNGUARDED_AVAILABILITY = YES_AGGRESSIVE;
				CLANG_WARN_UNREACHABLE_CODE = YES;
				CLANG_WARN__DUPLICATE_METHOD_MATCH = YES;
				COPY_PHASE_STRIP = NO;
				DEBUG_INFORMATION_FORMAT = "dwarf-with-dsym";
				ENABLE_NS_ASSERTIONS = NO;
				ENABLE_STRICT_OBJC_MSGSEND = YES;
				GCC_C_LANGUAGE_STANDARD = gnu11;
				GCC_NO_COMMON_BLOCKS = YES;
				GCC_WARN_64_TO_32_BIT_CONVERSION = YES;
				GCC_WARN_ABOUT_RETURN_TYPE = YES_ERROR;
				GCC_WARN_UNDECLARED_SELECTOR = YES;
				GCC_WARN_UNINITIALIZED_AUTOS = YES_AGGRESSIVE;
				GCC_WARN_UNUSED_FUNCTION = YES;
				GCC_WARN_UNUSED_VARIABLE = YES;
				IPHONEOS_DEPLOYMENT_TARGET = 14.0;
				MTL_ENABLE_DEBUG_INFO = NO;
				MTL_FAST_MATH = YES;
				SDKROOT = iphoneos;
				SWIFT_COMPILATION_MODE = wholemodule;
				SWIFT_OPTIMIZATION_LEVEL = "-O";
				VALIDATE_PRODUCT = YES;
			};
			name = Release;
		};
		506FFA2E253EB0C8006835F7 /* Debug */ = {
			isa = XCBuildConfiguration;
			buildSettings = {
				ASSETCATALOG_COMPILER_APPICON_NAME = AppIcon;
				ASSETCATALOG_COMPILER_GLOBAL_ACCENT_COLOR_NAME = AccentColor;
				CODE_SIGN_STYLE = Automatic;
				DEVELOPMENT_ASSET_PATHS = "\"CoreDataBestPractices/Preview Content\"";
				DEVELOPMENT_TEAM = 4QMDKC8VLJ;
				ENABLE_PREVIEWS = YES;
				INFOPLIST_FILE = CoreDataBestPractices/Info.plist;
				LD_RUNPATH_SEARCH_PATHS = (
					"$(inherited)",
					"@executable_path/Frameworks",
				);
				PRODUCT_BUNDLE_IDENTIFIER = com.swiftlee.CoreDataBestPractices;
				PRODUCT_NAME = "$(TARGET_NAME)";
				SWIFT_VERSION = 5.0;
				TARGETED_DEVICE_FAMILY = "1,2";
			};
			name = Debug;
		};
		506FFA2F253EB0C8006835F7 /* Release */ = {
			isa = XCBuildConfiguration;
			buildSettings = {
				ASSETCATALOG_COMPILER_APPICON_NAME = AppIcon;
				ASSETCATALOG_COMPILER_GLOBAL_ACCENT_COLOR_NAME = AccentColor;
				CODE_SIGN_STYLE = Automatic;
				DEVELOPMENT_ASSET_PATHS = "\"CoreDataBestPractices/Preview Content\"";
				DEVELOPMENT_TEAM = 4QMDKC8VLJ;
				ENABLE_PREVIEWS = YES;
				INFOPLIST_FILE = CoreDataBestPractices/Info.plist;
				LD_RUNPATH_SEARCH_PATHS = (
					"$(inherited)",
					"@executable_path/Frameworks",
				);
				PRODUCT_BUNDLE_IDENTIFIER = com.swiftlee.CoreDataBestPractices;
				PRODUCT_NAME = "$(TARGET_NAME)";
				SWIFT_VERSION = 5.0;
				TARGETED_DEVICE_FAMILY = "1,2";
			};
			name = Release;
		};
/* End XCBuildConfiguration section */

/* Begin XCConfigurationList section */
		506FFA11253EB0C7006835F7 /* Build configuration list for PBXProject "CoreDataBestPractices" */ = {
			isa = XCConfigurationList;
			buildConfigurations = (
				506FFA2B253EB0C8006835F7 /* Debug */,
				506FFA2C253EB0C8006835F7 /* Release */,
			);
			defaultConfigurationIsVisible = 0;
			defaultConfigurationName = Release;
		};
		506FFA2D253EB0C8006835F7 /* Build configuration list for PBXNativeTarget "CoreDataBestPractices" */ = {
			isa = XCConfigurationList;
			buildConfigurations = (
				506FFA2E253EB0C8006835F7 /* Debug */,
				506FFA2F253EB0C8006835F7 /* Release */,
			);
			defaultConfigurationIsVisible = 0;
			defaultConfigurationName = Release;
		};
/* End XCConfigurationList section */

/* Begin XCVersionGroup section */
		506FFA1F253EB0C7006835F7 /* CoreDataBestPractices.xcdatamodeld */ = {
			isa = XCVersionGroup;
			children = (
				506FFA20253EB0C7006835F7 /* CoreDataBestPractices.xcdatamodel */,
			);
			currentVersion = 506FFA20253EB0C7006835F7 /* CoreDataBestPractices.xcdatamodel */;
			path = CoreDataBestPractices.xcdatamodeld;
			sourceTree = "<group>";
			versionGroupType = wrapper.xcdatamodel;
		};
/* End XCVersionGroup section */
	};
	rootObject = 506FFA0E253EB0C7006835F7 /* Project object */;
}
